
Microsoft Visual Studio Solution File, Format Version 12.00
# Visual Studio Version 17
VisualStudioVersion = 17.5.33627.172
MinimumVisualStudioVersion = 10.0.40219.1
Project("{9A19103F-16F7-4668-BE54-9A1E7A4F7556}") = "tcMenuControlApi", "tcMenuControlApi\tcMenuControlApi.csproj", "{A4AC9DEE-F4BD-42F2-9BA8-334DE49D4CD5}"
EndProject
Project("{9A19103F-16F7-4668-BE54-9A1E7A4F7556}") = "tcMenuControlApiTests", "tcMenuControlApiTests\tcMenuControlApiTests.csproj", "{F8BDEBE5-F201-4B63-A9E1-F568D67B15EB}"
EndProject
Project("{2150E333-8FDC-42A3-9474-1A3956D46DE8}") = "controller", "controller", "{D5060541-00D0-49D8-9E7E-B8CBBDBB4A31}"
EndProject
Project("{2150E333-8FDC-42A3-9474-1A3956D46DE8}") = "api", "api", "{27E37675-7C47-42AF-809A-EE1D0E5C309F}"
EndProject
Project("{FAE04EC0-301F-11D3-BF4B-00C04F79EFBC}") = "embedCONTROL.UWP", "embedCONTROL\embedCONTROL\embedCONTROL.UWP\embedCONTROL.UWP.csproj", "{C8390C5E-2122-441E-90EA-5BB48A90B02D}"
EndProject
Project("{FAE04EC0-301F-11D3-BF4B-00C04F79EFBC}") = "embedCONTROL.Android", "embedCONTROL\embedCONTROL\embedCONTROL.Android\embedCONTROL.Android.csproj", "{BC00F842-560D-4E11-AD4A-647D2FA05B08}"
EndProject
Project("{FAE04EC0-301F-11D3-BF4B-00C04F79EFBC}") = "embedCONTROL.iOS", "embedCONTROL\embedCONTROL\embedCONTROL.iOS\embedCONTROL.iOS.csproj", "{8F3C930D-6F91-4D12-BBBB-A1562682EC43}"
EndProject
Project("{9A19103F-16F7-4668-BE54-9A1E7A4F7556}") = "embedCONTROL", "embedCONTROL\embedCONTROL\embedCONTROL\embedCONTROL.csproj", "{A40F9A80-72EF-453E-88BB-AA7FD3F2605C}"
EndProject
Project("{9A19103F-16F7-4668-BE54-9A1E7A4F7556}") = "embedControlTests", "embedCONTROL\embedCONTROL\embedControlTests\embedControlTests.csproj", "{472DD83A-F3F2-4CC7-A5A0-5F43210E0C31}"
EndProject
Global
	GlobalSection(SolutionConfigurationPlatforms) = preSolution
		Debug|Any CPU = Debug|Any CPU
		Debug|ARM = Debug|ARM
		Debug|ARM64 = Debug|ARM64
		Debug|iPhone = Debug|iPhone
		Debug|iPhoneSimulator = Debug|iPhoneSimulator
		Debug|x64 = Debug|x64
		Debug|x86 = Debug|x86
		Release|Any CPU = Release|Any CPU
		Release|ARM = Release|ARM
		Release|ARM64 = Release|ARM64
		Release|iPhone = Release|iPhone
		Release|iPhoneSimulator = Release|iPhoneSimulator
		Release|x64 = Release|x64
		Release|x86 = Release|x86
	EndGlobalSection
	GlobalSection(ProjectConfigurationPlatforms) = postSolution
		{A4AC9DEE-F4BD-42F2-9BA8-334DE49D4CD5}.Debug|Any CPU.ActiveCfg = Debug|Any CPU
		{A4AC9DEE-F4BD-42F2-9BA8-334DE49D4CD5}.Debug|Any CPU.Build.0 = Debug|Any CPU
		{A4AC9DEE-F4BD-42F2-9BA8-334DE49D4CD5}.Debug|ARM.ActiveCfg = Debug|Any CPU
		{A4AC9DEE-F4BD-42F2-9BA8-334DE49D4CD5}.Debug|ARM.Build.0 = Debug|Any CPU
		{A4AC9DEE-F4BD-42F2-9BA8-334DE49D4CD5}.Debug|ARM64.ActiveCfg = Debug|Any CPU
		{A4AC9DEE-F4BD-42F2-9BA8-334DE49D4CD5}.Debug|ARM64.Build.0 = Debug|Any CPU
		{A4AC9DEE-F4BD-42F2-9BA8-334DE49D4CD5}.Debug|iPhone.ActiveCfg = Debug|Any CPU
		{A4AC9DEE-F4BD-42F2-9BA8-334DE49D4CD5}.Debug|iPhone.Build.0 = Debug|Any CPU
		{A4AC9DEE-F4BD-42F2-9BA8-334DE49D4CD5}.Debug|iPhoneSimulator.ActiveCfg = Debug|Any CPU
		{A4AC9DEE-F4BD-42F2-9BA8-334DE49D4CD5}.Debug|iPhoneSimulator.Build.0 = Debug|Any CPU
		{A4AC9DEE-F4BD-42F2-9BA8-334DE49D4CD5}.Debug|x64.ActiveCfg = Debug|Any CPU
		{A4AC9DEE-F4BD-42F2-9BA8-334DE49D4CD5}.Debug|x64.Build.0 = Debug|Any CPU
		{A4AC9DEE-F4BD-42F2-9BA8-334DE49D4CD5}.Debug|x86.ActiveCfg = Debug|Any CPU
		{A4AC9DEE-F4BD-42F2-9BA8-334DE49D4CD5}.Debug|x86.Build.0 = Debug|Any CPU
		{A4AC9DEE-F4BD-42F2-9BA8-334DE49D4CD5}.Release|Any CPU.ActiveCfg = Release|Any CPU
		{A4AC9DEE-F4BD-42F2-9BA8-334DE49D4CD5}.Release|Any CPU.Build.0 = Release|Any CPU
		{A4AC9DEE-F4BD-42F2-9BA8-334DE49D4CD5}.Release|ARM.ActiveCfg = Release|Any CPU
		{A4AC9DEE-F4BD-42F2-9BA8-334DE49D4CD5}.Release|ARM.Build.0 = Release|Any CPU
		{A4AC9DEE-F4BD-42F2-9BA8-334DE49D4CD5}.Release|ARM64.ActiveCfg = Release|Any CPU
		{A4AC9DEE-F4BD-42F2-9BA8-334DE49D4CD5}.Release|ARM64.Build.0 = Release|Any CPU
		{A4AC9DEE-F4BD-42F2-9BA8-334DE49D4CD5}.Release|iPhone.ActiveCfg = Release|Any CPU
		{A4AC9DEE-F4BD-42F2-9BA8-334DE49D4CD5}.Release|iPhone.Build.0 = Release|Any CPU
		{A4AC9DEE-F4BD-42F2-9BA8-334DE49D4CD5}.Release|iPhoneSimulator.ActiveCfg = Release|Any CPU
		{A4AC9DEE-F4BD-42F2-9BA8-334DE49D4CD5}.Release|iPhoneSimulator.Build.0 = Release|Any CPU
		{A4AC9DEE-F4BD-42F2-9BA8-334DE49D4CD5}.Release|x64.ActiveCfg = Release|Any CPU
		{A4AC9DEE-F4BD-42F2-9BA8-334DE49D4CD5}.Release|x64.Build.0 = Release|Any CPU
		{A4AC9DEE-F4BD-42F2-9BA8-334DE49D4CD5}.Release|x86.ActiveCfg = Release|Any CPU
		{A4AC9DEE-F4BD-42F2-9BA8-334DE49D4CD5}.Release|x86.Build.0 = Release|Any CPU
		{F8BDEBE5-F201-4B63-A9E1-F568D67B15EB}.Debug|Any CPU.ActiveCfg = Debug|Any CPU
		{F8BDEBE5-F201-4B63-A9E1-F568D67B15EB}.Debug|Any CPU.Build.0 = Debug|Any CPU
		{F8BDEBE5-F201-4B63-A9E1-F568D67B15EB}.Debug|ARM.ActiveCfg = Debug|Any CPU
		{F8BDEBE5-F201-4B63-A9E1-F568D67B15EB}.Debug|ARM.Build.0 = Debug|Any CPU
		{F8BDEBE5-F201-4B63-A9E1-F568D67B15EB}.Debug|ARM64.ActiveCfg = Debug|Any CPU
		{F8BDEBE5-F201-4B63-A9E1-F568D67B15EB}.Debug|ARM64.Build.0 = Debug|Any CPU
		{F8BDEBE5-F201-4B63-A9E1-F568D67B15EB}.Debug|iPhone.ActiveCfg = Debug|Any CPU
		{F8BDEBE5-F201-4B63-A9E1-F568D67B15EB}.Debug|iPhone.Build.0 = Debug|Any CPU
		{F8BDEBE5-F201-4B63-A9E1-F568D67B15EB}.Debug|iPhoneSimulator.ActiveCfg = Debug|Any CPU
		{F8BDEBE5-F201-4B63-A9E1-F568D67B15EB}.Debug|iPhoneSimulator.Build.0 = Debug|Any CPU
		{F8BDEBE5-F201-4B63-A9E1-F568D67B15EB}.Debug|x64.ActiveCfg = Debug|Any CPU
		{F8BDEBE5-F201-4B63-A9E1-F568D67B15EB}.Debug|x64.Build.0 = Debug|Any CPU
		{F8BDEBE5-F201-4B63-A9E1-F568D67B15EB}.Debug|x86.ActiveCfg = Debug|Any CPU
		{F8BDEBE5-F201-4B63-A9E1-F568D67B15EB}.Debug|x86.Build.0 = Debug|Any CPU
		{F8BDEBE5-F201-4B63-A9E1-F568D67B15EB}.Release|Any CPU.ActiveCfg = Release|Any CPU
		{F8BDEBE5-F201-4B63-A9E1-F568D67B15EB}.Release|Any CPU.Build.0 = Release|Any CPU
		{F8BDEBE5-F201-4B63-A9E1-F568D67B15EB}.Release|ARM.ActiveCfg = Release|Any CPU
		{F8BDEBE5-F201-4B63-A9E1-F568D67B15EB}.Release|ARM.Build.0 = Release|Any CPU
		{F8BDEBE5-F201-4B63-A9E1-F568D67B15EB}.Release|ARM64.ActiveCfg = Release|Any CPU
		{F8BDEBE5-F201-4B63-A9E1-F568D67B15EB}.Release|ARM64.Build.0 = Release|Any CPU
		{F8BDEBE5-F201-4B63-A9E1-F568D67B15EB}.Release|iPhone.ActiveCfg = Release|Any CPU
		{F8BDEBE5-F201-4B63-A9E1-F568D67B15EB}.Release|iPhone.Build.0 = Release|Any CPU
		{F8BDEBE5-F201-4B63-A9E1-F568D67B15EB}.Release|iPhoneSimulator.ActiveCfg = Release|Any CPU
		{F8BDEBE5-F201-4B63-A9E1-F568D67B15EB}.Release|iPhoneSimulator.Build.0 = Release|Any CPU
		{F8BDEBE5-F201-4B63-A9E1-F568D67B15EB}.Release|x64.ActiveCfg = Release|Any CPU
		{F8BDEBE5-F201-4B63-A9E1-F568D67B15EB}.Release|x64.Build.0 = Release|Any CPU
		{F8BDEBE5-F201-4B63-A9E1-F568D67B15EB}.Release|x86.ActiveCfg = Release|Any CPU
		{F8BDEBE5-F201-4B63-A9E1-F568D67B15EB}.Release|x86.Build.0 = Release|Any CPU
		{C8390C5E-2122-441E-90EA-5BB48A90B02D}.Debug|Any CPU.ActiveCfg = Debug|x86
		{C8390C5E-2122-441E-90EA-5BB48A90B02D}.Debug|Any CPU.Build.0 = Debug|x86
		{C8390C5E-2122-441E-90EA-5BB48A90B02D}.Debug|Any CPU.Deploy.0 = Debug|x86
		{C8390C5E-2122-441E-90EA-5BB48A90B02D}.Debug|ARM.ActiveCfg = Debug|ARM
		{C8390C5E-2122-441E-90EA-5BB48A90B02D}.Debug|ARM.Build.0 = Debug|ARM
		{C8390C5E-2122-441E-90EA-5BB48A90B02D}.Debug|ARM.Deploy.0 = Debug|ARM
		{C8390C5E-2122-441E-90EA-5BB48A90B02D}.Debug|ARM64.ActiveCfg = Debug|x86
		{C8390C5E-2122-441E-90EA-5BB48A90B02D}.Debug|iPhone.ActiveCfg = Debug|x86
		{C8390C5E-2122-441E-90EA-5BB48A90B02D}.Debug|iPhoneSimulator.ActiveCfg = Debug|x86
		{C8390C5E-2122-441E-90EA-5BB48A90B02D}.Debug|x64.ActiveCfg = Debug|x64
		{C8390C5E-2122-441E-90EA-5BB48A90B02D}.Debug|x64.Build.0 = Debug|x64
		{C8390C5E-2122-441E-90EA-5BB48A90B02D}.Debug|x64.Deploy.0 = Debug|x64
		{C8390C5E-2122-441E-90EA-5BB48A90B02D}.Debug|x86.ActiveCfg = Debug|x86
		{C8390C5E-2122-441E-90EA-5BB48A90B02D}.Debug|x86.Build.0 = Debug|x86
		{C8390C5E-2122-441E-90EA-5BB48A90B02D}.Debug|x86.Deploy.0 = Debug|x86
		{C8390C5E-2122-441E-90EA-5BB48A90B02D}.Release|Any CPU.ActiveCfg = Release|x86
		{C8390C5E-2122-441E-90EA-5BB48A90B02D}.Release|Any CPU.Build.0 = Release|x86
		{C8390C5E-2122-441E-90EA-5BB48A90B02D}.Release|Any CPU.Deploy.0 = Release|x86
		{C8390C5E-2122-441E-90EA-5BB48A90B02D}.Release|ARM.ActiveCfg = Release|ARM
		{C8390C5E-2122-441E-90EA-5BB48A90B02D}.Release|ARM.Build.0 = Release|ARM
		{C8390C5E-2122-441E-90EA-5BB48A90B02D}.Release|ARM.Deploy.0 = Release|ARM
		{C8390C5E-2122-441E-90EA-5BB48A90B02D}.Release|ARM64.ActiveCfg = Release|x86
		{C8390C5E-2122-441E-90EA-5BB48A90B02D}.Release|iPhone.ActiveCfg = Release|x86
		{C8390C5E-2122-441E-90EA-5BB48A90B02D}.Release|iPhoneSimulator.ActiveCfg = Release|x86
		{C8390C5E-2122-441E-90EA-5BB48A90B02D}.Release|x64.ActiveCfg = Release|x64
		{C8390C5E-2122-441E-90EA-5BB48A90B02D}.Release|x64.Build.0 = Release|x64
		{C8390C5E-2122-441E-90EA-5BB48A90B02D}.Release|x64.Deploy.0 = Release|x64
		{C8390C5E-2122-441E-90EA-5BB48A90B02D}.Release|x86.ActiveCfg = Release|x86
		{C8390C5E-2122-441E-90EA-5BB48A90B02D}.Release|x86.Build.0 = Release|x86
		{C8390C5E-2122-441E-90EA-5BB48A90B02D}.Release|x86.Deploy.0 = Release|x86
		{BC00F842-560D-4E11-AD4A-647D2FA05B08}.Debug|Any CPU.ActiveCfg = Debug|Any CPU
		{BC00F842-560D-4E11-AD4A-647D2FA05B08}.Debug|Any CPU.Build.0 = Debug|Any CPU
		{BC00F842-560D-4E11-AD4A-647D2FA05B08}.Debug|Any CPU.Deploy.0 = Debug|Any CPU
		{BC00F842-560D-4E11-AD4A-647D2FA05B08}.Debug|ARM.ActiveCfg = Debug|Any CPU
		{BC00F842-560D-4E11-AD4A-647D2FA05B08}.Debug|ARM.Build.0 = Debug|Any CPU
		{BC00F842-560D-4E11-AD4A-647D2FA05B08}.Debug|ARM.Deploy.0 = Debug|Any CPU
		{BC00F842-560D-4E11-AD4A-647D2FA05B08}.Debug|ARM64.ActiveCfg = Debug|Any CPU
		{BC00F842-560D-4E11-AD4A-647D2FA05B08}.Debug|ARM64.Build.0 = Debug|Any CPU
		{BC00F842-560D-4E11-AD4A-647D2FA05B08}.Debug|ARM64.Deploy.0 = Debug|Any CPU
		{BC00F842-560D-4E11-AD4A-647D2FA05B08}.Debug|iPhone.ActiveCfg = Debug|Any CPU
		{BC00F842-560D-4E11-AD4A-647D2FA05B08}.Debug|iPhone.Build.0 = Debug|Any CPU
		{BC00F842-560D-4E11-AD4A-647D2FA05B08}.Debug|iPhone.Deploy.0 = Debug|Any CPU
		{BC00F842-560D-4E11-AD4A-647D2FA05B08}.Debug|iPhoneSimulator.ActiveCfg = Debug|Any CPU
		{BC00F842-560D-4E11-AD4A-647D2FA05B08}.Debug|iPhoneSimulator.Build.0 = Debug|Any CPU
		{BC00F842-560D-4E11-AD4A-647D2FA05B08}.Debug|iPhoneSimulator.Deploy.0 = Debug|Any CPU
		{BC00F842-560D-4E11-AD4A-647D2FA05B08}.Debug|x64.ActiveCfg = Debug|Any CPU
		{BC00F842-560D-4E11-AD4A-647D2FA05B08}.Debug|x64.Build.0 = Debug|Any CPU
		{BC00F842-560D-4E11-AD4A-647D2FA05B08}.Debug|x64.Deploy.0 = Debug|Any CPU
		{BC00F842-560D-4E11-AD4A-647D2FA05B08}.Debug|x86.ActiveCfg = Debug|Any CPU
		{BC00F842-560D-4E11-AD4A-647D2FA05B08}.Debug|x86.Build.0 = Debug|Any CPU
		{BC00F842-560D-4E11-AD4A-647D2FA05B08}.Debug|x86.Deploy.0 = Debug|Any CPU
		{BC00F842-560D-4E11-AD4A-647D2FA05B08}.Release|Any CPU.ActiveCfg = Release|Any CPU
		{BC00F842-560D-4E11-AD4A-647D2FA05B08}.Release|Any CPU.Build.0 = Release|Any CPU
		{BC00F842-560D-4E11-AD4A-647D2FA05B08}.Release|Any CPU.Deploy.0 = Release|Any CPU
		{BC00F842-560D-4E11-AD4A-647D2FA05B08}.Release|ARM.ActiveCfg = Release|Any CPU
		{BC00F842-560D-4E11-AD4A-647D2FA05B08}.Release|ARM.Build.0 = Release|Any CPU
		{BC00F842-560D-4E11-AD4A-647D2FA05B08}.Release|ARM.Deploy.0 = Release|Any CPU
		{BC00F842-560D-4E11-AD4A-647D2FA05B08}.Release|ARM64.ActiveCfg = Release|Any CPU
		{BC00F842-560D-4E11-AD4A-647D2FA05B08}.Release|ARM64.Build.0 = Release|Any CPU
		{BC00F842-560D-4E11-AD4A-647D2FA05B08}.Release|ARM64.Deploy.0 = Release|Any CPU
		{BC00F842-560D-4E11-AD4A-647D2FA05B08}.Release|iPhone.ActiveCfg = Release|Any CPU
		{BC00F842-560D-4E11-AD4A-647D2FA05B08}.Release|iPhone.Build.0 = Release|Any CPU
		{BC00F842-560D-4E11-AD4A-647D2FA05B08}.Release|iPhone.Deploy.0 = Release|Any CPU
		{BC00F842-560D-4E11-AD4A-647D2FA05B08}.Release|iPhoneSimulator.ActiveCfg = Release|Any CPU
		{BC00F842-560D-4E11-AD4A-647D2FA05B08}.Release|iPhoneSimulator.Build.0 = Release|Any CPU
		{BC00F842-560D-4E11-AD4A-647D2FA05B08}.Release|iPhoneSimulator.Deploy.0 = Release|Any CPU
		{BC00F842-560D-4E11-AD4A-647D2FA05B08}.Release|x64.ActiveCfg = Release|Any CPU
		{BC00F842-560D-4E11-AD4A-647D2FA05B08}.Release|x64.Build.0 = Release|Any CPU
		{BC00F842-560D-4E11-AD4A-647D2FA05B08}.Release|x64.Deploy.0 = Release|Any CPU
		{BC00F842-560D-4E11-AD4A-647D2FA05B08}.Release|x86.ActiveCfg = Release|Any CPU
		{BC00F842-560D-4E11-AD4A-647D2FA05B08}.Release|x86.Build.0 = Release|Any CPU
		{BC00F842-560D-4E11-AD4A-647D2FA05B08}.Release|x86.Deploy.0 = Release|Any CPU
		{8F3C930D-6F91-4D12-BBBB-A1562682EC43}.Debug|Any CPU.ActiveCfg = Debug|iPhone
		{8F3C930D-6F91-4D12-BBBB-A1562682EC43}.Debug|Any CPU.Build.0 = Debug|iPhone
		{8F3C930D-6F91-4D12-BBBB-A1562682EC43}.Debug|Any CPU.Deploy.0 = Debug|iPhone
		{8F3C930D-6F91-4D12-BBBB-A1562682EC43}.Debug|ARM.ActiveCfg = Debug|iPhone
		{8F3C930D-6F91-4D12-BBBB-A1562682EC43}.Debug|ARM64.ActiveCfg = Debug|iPhone
		{8F3C930D-6F91-4D12-BBBB-A1562682EC43}.Debug|iPhone.ActiveCfg = Debug|iPhone
		{8F3C930D-6F91-4D12-BBBB-A1562682EC43}.Debug|iPhone.Build.0 = Debug|iPhone
		{8F3C930D-6F91-4D12-BBBB-A1562682EC43}.Debug|iPhoneSimulator.ActiveCfg = Debug|iPhoneSimulator
		{8F3C930D-6F91-4D12-BBBB-A1562682EC43}.Debug|iPhoneSimulator.Build.0 = Debug|iPhoneSimulator
		{8F3C930D-6F91-4D12-BBBB-A1562682EC43}.Debug|x64.ActiveCfg = Debug|iPhone
		{8F3C930D-6F91-4D12-BBBB-A1562682EC43}.Debug|x86.ActiveCfg = Debug|iPhone
		{8F3C930D-6F91-4D12-BBBB-A1562682EC43}.Release|Any CPU.ActiveCfg = Release|iPhone
		{8F3C930D-6F91-4D12-BBBB-A1562682EC43}.Release|ARM.ActiveCfg = Release|iPhone
		{8F3C930D-6F91-4D12-BBBB-A1562682EC43}.Release|ARM64.ActiveCfg = Release|iPhone
		{8F3C930D-6F91-4D12-BBBB-A1562682EC43}.Release|iPhone.ActiveCfg = Release|iPhone
		{8F3C930D-6F91-4D12-BBBB-A1562682EC43}.Release|iPhone.Build.0 = Release|iPhone
		{8F3C930D-6F91-4D12-BBBB-A1562682EC43}.Release|iPhoneSimulator.ActiveCfg = Release|iPhoneSimulator
		{8F3C930D-6F91-4D12-BBBB-A1562682EC43}.Release|iPhoneSimulator.Build.0 = Release|iPhoneSimulator
		{8F3C930D-6F91-4D12-BBBB-A1562682EC43}.Release|x64.ActiveCfg = Release|iPhone
		{8F3C930D-6F91-4D12-BBBB-A1562682EC43}.Release|x86.ActiveCfg = Release|iPhone
		{A40F9A80-72EF-453E-88BB-AA7FD3F2605C}.Debug|Any CPU.ActiveCfg = Debug|Any CPU
		{A40F9A80-72EF-453E-88BB-AA7FD3F2605C}.Debug|Any CPU.Build.0 = Debug|Any CPU
		{A40F9A80-72EF-453E-88BB-AA7FD3F2605C}.Debug|ARM.ActiveCfg = Debug|Any CPU
		{A40F9A80-72EF-453E-88BB-AA7FD3F2605C}.Debug|ARM.Build.0 = Debug|Any CPU
		{A40F9A80-72EF-453E-88BB-AA7FD3F2605C}.Debug|ARM64.ActiveCfg = Debug|Any CPU
		{A40F9A80-72EF-453E-88BB-AA7FD3F2605C}.Debug|ARM64.Build.0 = Debug|Any CPU
		{A40F9A80-72EF-453E-88BB-AA7FD3F2605C}.Debug|iPhone.ActiveCfg = Debug|Any CPU
		{A40F9A80-72EF-453E-88BB-AA7FD3F2605C}.Debug|iPhone.Build.0 = Debug|Any CPU
		{A40F9A80-72EF-453E-88BB-AA7FD3F2605C}.Debug|iPhoneSimulator.ActiveCfg = Debug|Any CPU
		{A40F9A80-72EF-453E-88BB-AA7FD3F2605C}.Debug|iPhoneSimulator.Build.0 = Debug|Any CPU
		{A40F9A80-72EF-453E-88BB-AA7FD3F2605C}.Debug|x64.ActiveCfg = Debug|Any CPU
		{A40F9A80-72EF-453E-88BB-AA7FD3F2605C}.Debug|x64.Build.0 = Debug|Any CPU
		{A40F9A80-72EF-453E-88BB-AA7FD3F2605C}.Debug|x86.ActiveCfg = Debug|Any CPU
		{A40F9A80-72EF-453E-88BB-AA7FD3F2605C}.Debug|x86.Build.0 = Debug|Any CPU
		{A40F9A80-72EF-453E-88BB-AA7FD3F2605C}.Release|Any CPU.ActiveCfg = Release|Any CPU
		{A40F9A80-72EF-453E-88BB-AA7FD3F2605C}.Release|Any CPU.Build.0 = Release|Any CPU
		{A40F9A80-72EF-453E-88BB-AA7FD3F2605C}.Release|ARM.ActiveCfg = Release|Any CPU
		{A40F9A80-72EF-453E-88BB-AA7FD3F2605C}.Release|ARM.Build.0 = Release|Any CPU
		{A40F9A80-72EF-453E-88BB-AA7FD3F2605C}.Release|ARM64.ActiveCfg = Release|Any CPU
		{A40F9A80-72EF-453E-88BB-AA7FD3F2605C}.Release|ARM64.Build.0 = Release|Any CPU
		{A40F9A80-72EF-453E-88BB-AA7FD3F2605C}.Release|iPhone.ActiveCfg = Release|Any CPU
		{A40F9A80-72EF-453E-88BB-AA7FD3F2605C}.Release|iPhone.Build.0 = Release|Any CPU
		{A40F9A80-72EF-453E-88BB-AA7FD3F2605C}.Release|iPhoneSimulator.ActiveCfg = Release|Any CPU
		{A40F9A80-72EF-453E-88BB-AA7FD3F2605C}.Release|iPhoneSimulator.Build.0 = Release|Any CPU
		{A40F9A80-72EF-453E-88BB-AA7FD3F2605C}.Release|x64.ActiveCfg = Release|Any CPU
		{A40F9A80-72EF-453E-88BB-AA7FD3F2605C}.Release|x64.Build.0 = Release|Any CPU
		{A40F9A80-72EF-453E-88BB-AA7FD3F2605C}.Release|x86.ActiveCfg = Release|Any CPU
		{A40F9A80-72EF-453E-88BB-AA7FD3F2605C}.Release|x86.Build.0 = Release|Any CPU
		{472DD83A-F3F2-4CC7-A5A0-5F43210E0C31}.Debug|Any CPU.ActiveCfg = Debug|Any CPU
		{472DD83A-F3F2-4CC7-A5A0-5F43210E0C31}.Debug|Any CPU.Build.0 = Debug|Any CPU
		{472DD83A-F3F2-4CC7-A5A0-5F43210E0C31}.Debug|ARM.ActiveCfg = Debug|Any CPU
		{472DD83A-F3F2-4CC7-A5A0-5F43210E0C31}.Debug|ARM.Build.0 = Debug|Any CPU
		{472DD83A-F3F2-4CC7-A5A0-5F43210E0C31}.Debug|ARM64.ActiveCfg = Debug|Any CPU
		{472DD83A-F3F2-4CC7-A5A0-5F43210E0C31}.Debug|ARM64.Build.0 = Debug|Any CPU
		{472DD83A-F3F2-4CC7-A5A0-5F43210E0C31}.Debug|iPhone.ActiveCfg = Debug|Any CPU
		{472DD83A-F3F2-4CC7-A5A0-5F43210E0C31}.Debug|iPhone.Build.0 = Debug|Any CPU
		{472DD83A-F3F2-4CC7-A5A0-5F43210E0C31}.Debug|iPhoneSimulator.ActiveCfg = Debug|Any CPU
		{472DD83A-F3F2-4CC7-A5A0-5F43210E0C31}.Debug|iPhoneSimulator.Build.0 = Debug|Any CPU
		{472DD83A-F3F2-4CC7-A5A0-5F43210E0C31}.Debug|x64.ActiveCfg = Debug|Any CPU
		{472DD83A-F3F2-4CC7-A5A0-5F43210E0C31}.Debug|x64.Build.0 = Debug|Any CPU
		{472DD83A-F3F2-4CC7-A5A0-5F43210E0C31}.Debug|x86.ActiveCfg = Debug|Any CPU
		{472DD83A-F3F2-4CC7-A5A0-5F43210E0C31}.Debug|x86.Build.0 = Debug|Any CPU
		{472DD83A-F3F2-4CC7-A5A0-5F43210E0C31}.Release|Any CPU.ActiveCfg = Release|Any CPU
		{472DD83A-F3F2-4CC7-A5A0-5F43210E0C31}.Release|Any CPU.Build.0 = Release|Any CPU
		{472DD83A-F3F2-4CC7-A5A0-5F43210E0C31}.Release|ARM.ActiveCfg = Release|Any CPU
		{472DD83A-F3F2-4CC7-A5A0-5F43210E0C31}.Release|ARM.Build.0 = Release|Any CPU
		{472DD83A-F3F2-4CC7-A5A0-5F43210E0C31}.Release|ARM64.ActiveCfg = Release|Any CPU
		{472DD83A-F3F2-4CC7-A5A0-5F43210E0C31}.Release|ARM64.Build.0 = Release|Any CPU
		{472DD83A-F3F2-4CC7-A5A0-5F43210E0C31}.Release|iPhone.ActiveCfg = Release|Any CPU
		{472DD83A-F3F2-4CC7-A5A0-5F43210E0C31}.Release|iPhone.Build.0 = Release|Any CPU
		{472DD83A-F3F2-4CC7-A5A0-5F43210E0C31}.Release|iPhoneSimulator.ActiveCfg = Release|Any CPU
		{472DD83A-F3F2-4CC7-A5A0-5F43210E0C31}.Release|iPhoneSimulator.Build.0 = Release|Any CPU
		{472DD83A-F3F2-4CC7-A5A0-5F43210E0C31}.Release|x64.ActiveCfg = Release|Any CPU
		{472DD83A-F3F2-4CC7-A5A0-5F43210E0C31}.Release|x64.Build.0 = Release|Any CPU
		{472DD83A-F3F2-4CC7-A5A0-5F43210E0C31}.Release|x86.ActiveCfg = Release|Any CPU
		{472DD83A-F3F2-4CC7-A5A0-5F43210E0C31}.Release|x86.Build.0 = Release|Any CPU
	EndGlobalSection
	GlobalSection(SolutionProperties) = preSolution
		HideSolutionNode = FALSE
	EndGlobalSection
	GlobalSection(NestedProjects) = preSolution
		{A4AC9DEE-F4BD-42F2-9BA8-334DE49D4CD5} = {27E37675-7C47-42AF-809A-EE1D0E5C309F}
		{F8BDEBE5-F201-4B63-A9E1-F568D67B15EB} = {27E37675-7C47-42AF-809A-EE1D0E5C309F}
		{C8390C5E-2122-441E-90EA-5BB48A90B02D} = {D5060541-00D0-49D8-9E7E-B8CBBDBB4A31}
		{BC00F842-560D-4E11-AD4A-647D2FA05B08} = {D5060541-00D0-49D8-9E7E-B8CBBDBB4A31}
		{8F3C930D-6F91-4D12-BBBB-A1562682EC43} = {D5060541-00D0-49D8-9E7E-B8CBBDBB4A31}
		{A40F9A80-72EF-453E-88BB-AA7FD3F2605C} = {D5060541-00D0-49D8-9E7E-B8CBBDBB4A31}
		{472DD83A-F3F2-4CC7-A5A0-5F43210E0C31} = {D5060541-00D0-49D8-9E7E-B8CBBDBB4A31}
	EndGlobalSection
	GlobalSection(ExtensibilityGlobals) = postSolution
		SolutionGuid = {355C3078-58A5-4297-B77F-E055A2E7457A}
	EndGlobalSection
EndGlobal
